{
  "name": "trpc",
  "version": "1.0.0",
  "lockfileVersion": 3,
  "requires": true,
  "packages": {
    "": {
      "name": "trpc",
      "version": "1.0.0",
      "license": "ISC",
      "dependencies": {
        "@trpc/client": "^11.0.0-rc.482",
        "@trpc/server": "^11.0.0-rc.482",
        "zod": "^3.23.8"
      },
      "devDependencies": {
        "typescript": "^5.5.4"
      }
    },
    "node_modules/@trpc/client": {
      "version": "11.0.0-rc.482",
      "resolved": "https://registry.npmjs.org/@trpc/client/-/client-11.0.0-rc.482.tgz",
      "integrity": "sha512-G08bQe8zSSK6baavNTzlsGIXUuUJyRmbC7YCwIg/eYh01nah/loxh4Cg8NDtTLzOvwmUOyQaU3XcMyhywwC4/g==",
      "funding": [
        "https://trpc.io/sponsor"
      ],
      "license": "MIT",
      "peerDependencies": {
        "@trpc/server": "11.0.0-rc.482+930e652bf"
      }
    },
    "node_modules/@trpc/server": {
      "version": "11.0.0-rc.482",
      "resolved": "https://registry.npmjs.org/@trpc/server/-/server-11.0.0-rc.482.tgz",
      "integrity": "sha512-6Wq3T9V6B6Tv63qLV6qc2rt71AyrwBgzGniywMeddy1k2U2h6O9u7aVopzIpJJsNd7XqheYq830tU4VENysJjQ==",
      "funding": [
        "https://trpc.io/sponsor"
      ],
      "license": "MIT"
    },
    "node_modules/typescript": {
      "version": "5.5.4",
      "resolved": "https://registry.npmjs.org/typescript/-/typescript-5.5.4.tgz",
      "integrity": "sha512-Mtq29sKDAEYP7aljRgtPOpTvOfbwRWlS6dPRzwjdE+C0R4brX/GUyhHSecbHMFLNBLcJIPt9nl9yG5TZ1weH+Q==",
      "dev": true,
      "license": "Apache-2.0",
      "bin": {
        "tsc": "bin/tsc",
        "tsserver": "bin/tsserver"
      },
      "engines": {
        "node": ">=14.17"
      }
    },
    "node_modules/zod": {
      "version": "3.23.8",
      "resolved": "https://registry.npmjs.org/zod/-/zod-3.23.8.tgz",
      "integrity": "sha512-XBx9AXhXktjUqnepgTiE5flcKIYWi/rme0Eaj+5Y0lftuGBq+jyRu/md4WnuxqgP1ubdpNCsYEYPxrzVHD8d6g==",
      "license": "MIT",
      "funding": {
        "url": "https://github.com/sponsors/colinhacks"
      }
    }
  }
}
